
Microsoft Visual Studio Solution File, Format Version 12.00
# Visual Studio Version 17
VisualStudioVersion = 17.0.32112.339
MinimumVisualStudioVersion = 10.0.40219.1
Project("{FAE04EC0-301F-11D3-BF4B-00C04F79EFBC}") = "Oppgave - Pokemon", "Oppgave - Pokemon\Oppgave - Pokemon.csproj", "{3D452233-2242-4745-A2C0-C989C4E7614E}"
EndProject
Global
	GlobalSection(SolutionConfigurationPlatforms) = preSolution
		Debug|Any CPU = Debug|Any CPU
		Release|Any CPU = Release|Any CPU
	EndGlobalSection
	GlobalSection(ProjectConfigurationPlatforms) = postSolution
		{3D452233-2242-4745-A2C0-C989C4E7614E}.Debug|Any CPU.ActiveCfg = Debug|Any CPU
		{3D452233-2242-4745-A2C0-C989C4E7614E}.Debug|Any CPU.Build.0 = Debug|Any CPU
		{3D452233-2242-4745-A2C0-C989C4E7614E}.Release|Any CPU.ActiveCfg = Release|Any CPU
		{3D452233-2242-4745-A2C0-C989C4E7614E}.Release|Any CPU.Build.0 = Release|Any CPU
	EndGlobalSection
	GlobalSection(SolutionProperties) = preSolution
		HideSolutionNode = FALSE
	EndGlobalSection
	GlobalSection(ExtensibilityGlobals) = postSolution
		SolutionGuid = {22F124A9-2461-43EC-8C80-B51735D6D34F}
	EndGlobalSection
EndGlobal
